
Microsoft Visual Studio Solution File, Format Version 12.00
# Visual Studio Version 16
VisualStudioVersion = 16.0.31829.152
MinimumVisualStudioVersion = 10.0.40219.1
Project("{9A19103F-16F7-4668-BE54-9A1E7A4F7556}") = "BookStore", "BookStore\BookStore.csproj", "{8D1E0B33-CC94-4472-A990-AF6C07EA7B59}"
EndProject
Project("{FAE04EC0-301F-11D3-BF4B-00C04F79EFBC}") = "Template", "..\..\Template\Template.csproj", "{06D04730-D6BB-4B40-9095-3F35D142315B}"
EndProject
Global
	GlobalSection(SolutionConfigurationPlatforms) = preSolution
		Debug|Any CPU = Debug|Any CPU
		Release|Any CPU = Release|Any CPU
	EndGlobalSection
	GlobalSection(ProjectConfigurationPlatforms) = postSolution
		{8D1E0B33-CC94-4472-A990-AF6C07EA7B59}.Debug|Any CPU.ActiveCfg = Debug|Any CPU
		{8D1E0B33-CC94-4472-A990-AF6C07EA7B59}.Debug|Any CPU.Build.0 = Debug|Any CPU
		{8D1E0B33-CC94-4472-A990-AF6C07EA7B59}.Release|Any CPU.ActiveCfg = Release|Any CPU
		{8D1E0B33-CC94-4472-A990-AF6C07EA7B59}.Release|Any CPU.Build.0 = Release|Any CPU
		{06D04730-D6BB-4B40-9095-3F35D142315B}.Debug|Any CPU.ActiveCfg = Debug|Any CPU
		{06D04730-D6BB-4B40-9095-3F35D142315B}.Debug|Any CPU.Build.0 = Debug|Any CPU
		{06D04730-D6BB-4B40-9095-3F35D142315B}.Release|Any CPU.ActiveCfg = Release|Any CPU
		{06D04730-D6BB-4B40-9095-3F35D142315B}.Release|Any CPU.Build.0 = Release|Any CPU
	EndGlobalSection
	GlobalSection(SolutionProperties) = preSolution
		HideSolutionNode = FALSE
	EndGlobalSection
	GlobalSection(ExtensibilityGlobals) = postSolution
		SolutionGuid = {C29C6258-5C99-456A-9CEC-91EA3368571D}
	EndGlobalSection
EndGlobal
